
Microsoft Visual Studio Solution File, Format Version 12.00
# Visual Studio Version 16
VisualStudioVersion = 16.0.29324.140
MinimumVisualStudioVersion = 10.0.40219.1
Project("{9A19103F-16F7-4668-BE54-9A1E7A4F7556}") = "WebApplication1", "WebApplication1\WebApplication1.csproj", "{5F822A28-409C-415E-A693-C71518F55323}"
EndProject
Project("{9A19103F-16F7-4668-BE54-9A1E7A4F7556}") = "RDrive.BusinessLogic", "RDrive.BusinessLogic\RDrive.BusinessLogic.csproj", "{7F046730-5C18-488C-BD60-A449FA8DCF4E}"
EndProject
Project("{9A19103F-16F7-4668-BE54-9A1E7A4F7556}") = "RDrive.DataAccess", "RDrive.DataAccess\RDrive.DataAccess.csproj", "{87181A20-8D7A-49A5-894A-834CC3E21983}"
EndProject
Project("{9A19103F-16F7-4668-BE54-9A1E7A4F7556}") = "RDrive.Entities", "RDrive.Entities\RDrive.Entities.csproj", "{15D77396-F3FC-4ED3-BCA3-10AB7242AF88}"
EndProject
Project("{9A19103F-16F7-4668-BE54-9A1E7A4F7556}") = "RDrive.Shared", "RDrive.Shared\RDrive.Shared.csproj", "{C0D180BE-7540-46D0-887C-5865B1627D60}"
EndProject
Project("{9A19103F-16F7-4668-BE54-9A1E7A4F7556}") = "RDrive.ViewModels", "RDrive.ViewModels\RDrive.ViewModels.csproj", "{521E72E4-FDB5-4A6C-9352-165625CFA3DF}"
EndProject
Global
	GlobalSection(SolutionConfigurationPlatforms) = preSolution
		Debug|Any CPU = Debug|Any CPU
		Release|Any CPU = Release|Any CPU
	EndGlobalSection
	GlobalSection(ProjectConfigurationPlatforms) = postSolution
		{5F822A28-409C-415E-A693-C71518F55323}.Debug|Any CPU.ActiveCfg = Debug|Any CPU
		{5F822A28-409C-415E-A693-C71518F55323}.Debug|Any CPU.Build.0 = Debug|Any CPU
		{5F822A28-409C-415E-A693-C71518F55323}.Release|Any CPU.ActiveCfg = Release|Any CPU
		{5F822A28-409C-415E-A693-C71518F55323}.Release|Any CPU.Build.0 = Release|Any CPU
		{7F046730-5C18-488C-BD60-A449FA8DCF4E}.Debug|Any CPU.ActiveCfg = Debug|Any CPU
		{7F046730-5C18-488C-BD60-A449FA8DCF4E}.Debug|Any CPU.Build.0 = Debug|Any CPU
		{7F046730-5C18-488C-BD60-A449FA8DCF4E}.Release|Any CPU.ActiveCfg = Release|Any CPU
		{7F046730-5C18-488C-BD60-A449FA8DCF4E}.Release|Any CPU.Build.0 = Release|Any CPU
		{87181A20-8D7A-49A5-894A-834CC3E21983}.Debug|Any CPU.ActiveCfg = Debug|Any CPU
		{87181A20-8D7A-49A5-894A-834CC3E21983}.Debug|Any CPU.Build.0 = Debug|Any CPU
		{87181A20-8D7A-49A5-894A-834CC3E21983}.Release|Any CPU.ActiveCfg = Release|Any CPU
		{87181A20-8D7A-49A5-894A-834CC3E21983}.Release|Any CPU.Build.0 = Release|Any CPU
		{15D77396-F3FC-4ED3-BCA3-10AB7242AF88}.Debug|Any CPU.ActiveCfg = Debug|Any CPU
		{15D77396-F3FC-4ED3-BCA3-10AB7242AF88}.Debug|Any CPU.Build.0 = Debug|Any CPU
		{15D77396-F3FC-4ED3-BCA3-10AB7242AF88}.Release|Any CPU.ActiveCfg = Release|Any CPU
		{15D77396-F3FC-4ED3-BCA3-10AB7242AF88}.Release|Any CPU.Build.0 = Release|Any CPU
		{C0D180BE-7540-46D0-887C-5865B1627D60}.Debug|Any CPU.ActiveCfg = Debug|Any CPU
		{C0D180BE-7540-46D0-887C-5865B1627D60}.Debug|Any CPU.Build.0 = Debug|Any CPU
		{C0D180BE-7540-46D0-887C-5865B1627D60}.Release|Any CPU.ActiveCfg = Release|Any CPU
		{C0D180BE-7540-46D0-887C-5865B1627D60}.Release|Any CPU.Build.0 = Release|Any CPU
		{521E72E4-FDB5-4A6C-9352-165625CFA3DF}.Debug|Any CPU.ActiveCfg = Debug|Any CPU
		{521E72E4-FDB5-4A6C-9352-165625CFA3DF}.Debug|Any CPU.Build.0 = Debug|Any CPU
		{521E72E4-FDB5-4A6C-9352-165625CFA3DF}.Release|Any CPU.ActiveCfg = Release|Any CPU
		{521E72E4-FDB5-4A6C-9352-165625CFA3DF}.Release|Any CPU.Build.0 = Release|Any CPU
	EndGlobalSection
	GlobalSection(SolutionProperties) = preSolution
		HideSolutionNode = FALSE
	EndGlobalSection
	GlobalSection(ExtensibilityGlobals) = postSolution
		SolutionGuid = {05666369-AC88-4457-8DC5-C1DD51158BD5}
	EndGlobalSection
EndGlobal
